github.com/xiazemin/ast_graph v0.0.0-20200718150217-d3eccf7ec8c1 h1:AGHXawKCUnVoe+28IpajAaFlQbALYVAHSFsPEs0iFec=
github.com/xiazemin/ast_graph v0.0.0-20200718150217-d3eccf7ec8c1/go.mod h1:gJnDD+Jb9R5NO1D1g5apjMXANf63HU+v6VnT0rlfsDU=
github.com/xiazemin/golang v0.0.0-20200718135107-32d6a3f3bfb7 h1:T1PGHmPmH09+gx1mKfXF8gDQHZRTUswMpgUH8LAX/Kg=
